
Microsoft Visual Studio Solution File, Format Version 12.00
# Visual Studio Version 16
VisualStudioVersion = 16.0.31205.134
MinimumVisualStudioVersion = 10.0.40219.1
Project("{FAE04EC0-301F-11D3-BF4B-00C04F79EFBC}") = "RemoveItemsMarket", "RemoveItemsMarket.csproj", "{FD2F8E43-56B6-4C1B-8554-B10BA02308EC}"
EndProject
Global
	GlobalSection(SolutionConfigurationPlatforms) = preSolution
		Debug|Any CPU = Debug|Any CPU
		Release|Any CPU = Release|Any CPU
	EndGlobalSection
	GlobalSection(ProjectConfigurationPlatforms) = postSolution
		{FD2F8E43-56B6-4C1B-8554-B10BA02308EC}.Debug|Any CPU.ActiveCfg = Debug|Any CPU
		{FD2F8E43-56B6-4C1B-8554-B10BA02308EC}.Debug|Any CPU.Build.0 = Debug|Any CPU
		{FD2F8E43-56B6-4C1B-8554-B10BA02308EC}.Release|Any CPU.ActiveCfg = Release|Any CPU
		{FD2F8E43-56B6-4C1B-8554-B10BA02308EC}.Release|Any CPU.Build.0 = Release|Any CPU
	EndGlobalSection
	GlobalSection(SolutionProperties) = preSolution
		HideSolutionNode = FALSE
	EndGlobalSection
	GlobalSection(ExtensibilityGlobals) = postSolution
		SolutionGuid = {377451A0-A91E-449E-8310-225AD6822C08}
	EndGlobalSection
EndGlobal
